
Microsoft Visual Studio Solution File, Format Version 11.00
# Visual Studio 2010
Project("{FAE04EC0-301F-11D3-BF4B-00C04F79EFBC}") = "CooperAtkins.SocketManager", "CooperAtkins.ProtocolManager\CooperAtkins.SocketManager.csproj", "{8C7AAC10-650E-4495-BF80-65D6B80F43F4}"
EndProject
Project("{FAE04EC0-301F-11D3-BF4B-00C04F79EFBC}") = "CooperAtkins.Generic", "CooperAtkins.Generic\CooperAtkins.Generic.csproj", "{9FDA42AA-C549-4F7F-BAE6-C42F714939CD}"
EndProject
Project("{FAE04EC0-301F-11D3-BF4B-00C04F79EFBC}") = "CooperAtkins.Interface.Alarm", "CooperAtkins.Interface.Alarm\CooperAtkins.Interface.Alarm.csproj", "{942F9D96-9CB3-49A1-88AA-D6B872775127}"
EndProject
Project("{FAE04EC0-301F-11D3-BF4B-00C04F79EFBC}") = "CooperAtkins.Interface.NotifyCom", "CooperAtkins.Interface.NotifyCom\CooperAtkins.Interface.NotifyCom.csproj", "{6B92BAC2-FA12-4E79-AEDB-9FAD993324A8}"
EndProject
Project("{FAE04EC0-301F-11D3-BF4B-00C04F79EFBC}") = "CooperAtkins.NotificationClient.Alarm", "CooperAtkins.NotificationClient.Alaram\CooperAtkins.NotificationClient.Alarm.csproj", "{3D2A3872-E888-4571-895B-FF702F8E3FE3}"
EndProject
Project("{FAE04EC0-301F-11D3-BF4B-00C04F79EFBC}") = "CooperAtkins.NotificationClient.EscalationModule", "CooperAtkins.NotificationClient.EscalationModule\CooperAtkins.NotificationClient.EscalationModule.csproj", "{2468BE03-D09B-4D5C-ABBE-FA40C2E4750A}"
EndProject
Project("{FAE04EC0-301F-11D3-BF4B-00C04F79EFBC}") = "CooperAtkins.NotificationClient.Service", "CooperAtkins.NotificationClient.Service\CooperAtkins.NotificationClient.Service.csproj", "{174844B7-78B8-4511-BC8A-AD09F7C016EA}"
EndProject
Project("{FAE04EC0-301F-11D3-BF4B-00C04F79EFBC}") = "CooperAtkins.NotificationServer.NotifyEngine", "CooperAtkins.NotificationServer.NotifyEngine\CooperAtkins.NotificationServer.NotifyEngine.csproj", "{952ACF10-6BF8-41F0-AAE3-9E8B8F8C36E9}"
EndProject
Project("{FAE04EC0-301F-11D3-BF4B-00C04F79EFBC}") = "CooperAtkins.NotificationServer.Service", "CooperAtkins.NotificationServer.Service\CooperAtkins.NotificationServer.Service.csproj", "{A0C1578D-0F53-44E9-8DEB-E3289487D967}"
EndProject
Project("{2150E333-8FDC-42A3-9474-1A3956D46DE8}") = "Solution Items", "Solution Items", "{B5165337-EFEC-4C02-9255-3CEC23A36417}"
	ProjectSection(SolutionItems) = preProject
		CooperAtkinsNotification.vsmdi = CooperAtkinsNotification.vsmdi
		Local.testsettings = Local.testsettings
		Read Me.txt = Read Me.txt
		TraceAndTestImpact.testsettings = TraceAndTestImpact.testsettings
	EndProjectSection
EndProject
Project("{FAE04EC0-301F-11D3-BF4B-00C04F79EFBC}") = "CooperAtkins.NotificationClient.NotificationComposer", "CooperAtkins.NotificationClient.NotificationComposer\CooperAtkins.NotificationClient.NotificationComposer.csproj", "{318B316A-9354-4200-8E33-5F8505BF8F89}"
EndProject
Project("{FAE04EC0-301F-11D3-BF4B-00C04F79EFBC}") = "CooperAtkins.NotificationClient.Generic", "CooperAtkins.NotificationClient.Generic\CooperAtkins.NotificationClient.Generic.csproj", "{726A584A-4780-4D5C-A055-E4C9CC03D761}"
EndProject
Project("{FAE04EC0-301F-11D3-BF4B-00C04F79EFBC}") = "CooperAtkins.NotificationClient.WinFormTest", "WindowsFormsApplication1\CooperAtkins.NotificationClient.WinFormTest.csproj", "{55F7447F-F979-427E-A6AB-767CF925726E}"
EndProject
Project("{FAE04EC0-301F-11D3-BF4B-00C04F79EFBC}") = "CooperAtkins.NotificationBoard", "CooperAtkins.NotificationBoard\CooperAtkins.NotificationBoard.csproj", "{0FFA71B7-73FE-4308-A2C7-946423FE0ADA}"
EndProject
Project("{FAE04EC0-301F-11D3-BF4B-00C04F79EFBC}") = "CooperAtkins.NotificationEngine.Utility", "CooperAtkins.NotificationEngine.Utility\CooperAtkins.NotificationEngine.Utility.csproj", "{DB570394-9F15-460A-99CE-6D352302E589}"
EndProject
Project("{54435603-DBB4-11D2-8724-00A0C9A8B90C}") = "NotificationClientInstallation", "NotificationClientInstallation\NotificationClientInstallation.vdproj", "{033D0DCF-8251-4654-BAA2-AEB4F5A6F18D}"
EndProject
Project("{54435603-DBB4-11D2-8724-00A0C9A8B90C}") = "NotificationServerInstallation", "NotificationServerInstallation\NotificationServerInstallation.vdproj", "{B3564CE5-FCA1-404F-A2E7-F54DB4D52D5C}"
EndProject
Global
	GlobalSection(SubversionScc) = preSolution
		Svn-Managed = True
		Manager = AnkhSVN - Subversion Support for Visual Studio
	EndGlobalSection
	GlobalSection(TestCaseManagementSettings) = postSolution
		CategoryFile = CooperAtkinsNotification.vsmdi
	EndGlobalSection
	GlobalSection(SolutionConfigurationPlatforms) = preSolution
		Debug - 4.5|Any CPU = Debug - 4.5|Any CPU
		Debug - 4.5|Mixed Platforms = Debug - 4.5|Mixed Platforms
		Debug - 4.5|x86 = Debug - 4.5|x86
		Debug - 5.0|Any CPU = Debug - 5.0|Any CPU
		Debug - 5.0|Mixed Platforms = Debug - 5.0|Mixed Platforms
		Debug - 5.0|x86 = Debug - 5.0|x86
		Release - 4.5|Any CPU = Release - 4.5|Any CPU
		Release - 4.5|Mixed Platforms = Release - 4.5|Mixed Platforms
		Release - 4.5|x86 = Release - 4.5|x86
		Release - 5.0|Any CPU = Release - 5.0|Any CPU
		Release - 5.0|Mixed Platforms = Release - 5.0|Mixed Platforms
		Release - 5.0|x86 = Release - 5.0|x86
	EndGlobalSection
	GlobalSection(ProjectConfigurationPlatforms) = postSolution
		{8C7AAC10-650E-4495-BF80-65D6B80F43F4}.Debug - 4.5|Any CPU.ActiveCfg = Debug|x86
		{8C7AAC10-650E-4495-BF80-65D6B80F43F4}.Debug - 4.5|Any CPU.Build.0 = Debug|x86
		{8C7AAC10-650E-4495-BF80-65D6B80F43F4}.Debug - 4.5|Mixed Platforms.ActiveCfg = Debug|x86
		{8C7AAC10-650E-4495-BF80-65D6B80F43F4}.Debug - 4.5|Mixed Platforms.Build.0 = Debug|x86
		{8C7AAC10-650E-4495-BF80-65D6B80F43F4}.Debug - 4.5|x86.ActiveCfg = Debug|x86
		{8C7AAC10-650E-4495-BF80-65D6B80F43F4}.Debug - 4.5|x86.Build.0 = Debug|x86
		{8C7AAC10-650E-4495-BF80-65D6B80F43F4}.Debug - 5.0|Any CPU.ActiveCfg = Debug - 5.0|x86
		{8C7AAC10-650E-4495-BF80-65D6B80F43F4}.Debug - 5.0|Any CPU.Build.0 = Debug - 5.0|x86
		{8C7AAC10-650E-4495-BF80-65D6B80F43F4}.Debug - 5.0|Mixed Platforms.ActiveCfg = Debug - 5.0|x86
		{8C7AAC10-650E-4495-BF80-65D6B80F43F4}.Debug - 5.0|Mixed Platforms.Build.0 = Debug - 5.0|x86
		{8C7AAC10-650E-4495-BF80-65D6B80F43F4}.Debug - 5.0|x86.ActiveCfg = Debug - 5.0|x86
		{8C7AAC10-650E-4495-BF80-65D6B80F43F4}.Debug - 5.0|x86.Build.0 = Debug - 5.0|x86
		{8C7AAC10-650E-4495-BF80-65D6B80F43F4}.Release - 4.5|Any CPU.ActiveCfg = Release|x86
		{8C7AAC10-650E-4495-BF80-65D6B80F43F4}.Release - 4.5|Any CPU.Build.0 = Release|x86
		{8C7AAC10-650E-4495-BF80-65D6B80F43F4}.Release - 4.5|Mixed Platforms.ActiveCfg = Release|x86
		{8C7AAC10-650E-4495-BF80-65D6B80F43F4}.Release - 4.5|Mixed Platforms.Build.0 = Release|x86
		{8C7AAC10-650E-4495-BF80-65D6B80F43F4}.Release - 4.5|x86.ActiveCfg = Release|x86
		{8C7AAC10-650E-4495-BF80-65D6B80F43F4}.Release - 4.5|x86.Build.0 = Release|x86
		{8C7AAC10-650E-4495-BF80-65D6B80F43F4}.Release - 5.0|Any CPU.ActiveCfg = Release - 5.0|x86
		{8C7AAC10-650E-4495-BF80-65D6B80F43F4}.Release - 5.0|Any CPU.Build.0 = Release - 5.0|x86
		{8C7AAC10-650E-4495-BF80-65D6B80F43F4}.Release - 5.0|Mixed Platforms.ActiveCfg = Release - 5.0|x86
		{8C7AAC10-650E-4495-BF80-65D6B80F43F4}.Release - 5.0|Mixed Platforms.Build.0 = Release - 5.0|x86
		{8C7AAC10-650E-4495-BF80-65D6B80F43F4}.Release - 5.0|x86.ActiveCfg = Release - 5.0|x86
		{8C7AAC10-650E-4495-BF80-65D6B80F43F4}.Release - 5.0|x86.Build.0 = Release - 5.0|x86
		{9FDA42AA-C549-4F7F-BAE6-C42F714939CD}.Debug - 4.5|Any CPU.ActiveCfg = Debug|Any CPU
		{9FDA42AA-C549-4F7F-BAE6-C42F714939CD}.Debug - 4.5|Any CPU.Build.0 = Debug|Any CPU
		{9FDA42AA-C549-4F7F-BAE6-C42F714939CD}.Debug - 4.5|Mixed Platforms.ActiveCfg = Debug|Any CPU
		{9FDA42AA-C549-4F7F-BAE6-C42F714939CD}.Debug - 4.5|Mixed Platforms.Build.0 = Debug|Any CPU
		{9FDA42AA-C549-4F7F-BAE6-C42F714939CD}.Debug - 4.5|x86.ActiveCfg = Debug|Any CPU
		{9FDA42AA-C549-4F7F-BAE6-C42F714939CD}.Debug - 5.0|Any CPU.ActiveCfg = Debug - 5.0|Any CPU
		{9FDA42AA-C549-4F7F-BAE6-C42F714939CD}.Debug - 5.0|Any CPU.Build.0 = Debug - 5.0|Any CPU
		{9FDA42AA-C549-4F7F-BAE6-C42F714939CD}.Debug - 5.0|Mixed Platforms.ActiveCfg = Debug - 5.0|Any CPU
		{9FDA42AA-C549-4F7F-BAE6-C42F714939CD}.Debug - 5.0|Mixed Platforms.Build.0 = Debug - 5.0|Any CPU
		{9FDA42AA-C549-4F7F-BAE6-C42F714939CD}.Debug - 5.0|x86.ActiveCfg = Debug - 5.0|Any CPU
		{9FDA42AA-C549-4F7F-BAE6-C42F714939CD}.Release - 4.5|Any CPU.ActiveCfg = Release|Any CPU
		{9FDA42AA-C549-4F7F-BAE6-C42F714939CD}.Release - 4.5|Any CPU.Build.0 = Release|Any CPU
		{9FDA42AA-C549-4F7F-BAE6-C42F714939CD}.Release - 4.5|Mixed Platforms.ActiveCfg = Release|Any CPU
		{9FDA42AA-C549-4F7F-BAE6-C42F714939CD}.Release - 4.5|Mixed Platforms.Build.0 = Release|Any CPU
		{9FDA42AA-C549-4F7F-BAE6-C42F714939CD}.Release - 4.5|x86.ActiveCfg = Release|Any CPU
		{9FDA42AA-C549-4F7F-BAE6-C42F714939CD}.Release - 5.0|Any CPU.ActiveCfg = Release - 5.0|Any CPU
		{9FDA42AA-C549-4F7F-BAE6-C42F714939CD}.Release - 5.0|Any CPU.Build.0 = Release - 5.0|Any CPU
		{9FDA42AA-C549-4F7F-BAE6-C42F714939CD}.Release - 5.0|Mixed Platforms.ActiveCfg = Release - 5.0|Any CPU
		{9FDA42AA-C549-4F7F-BAE6-C42F714939CD}.Release - 5.0|Mixed Platforms.Build.0 = Release - 5.0|Any CPU
		{9FDA42AA-C549-4F7F-BAE6-C42F714939CD}.Release - 5.0|x86.ActiveCfg = Release - 5.0|Any CPU
		{942F9D96-9CB3-49A1-88AA-D6B872775127}.Debug - 4.5|Any CPU.ActiveCfg = Debug|Any CPU
		{942F9D96-9CB3-49A1-88AA-D6B872775127}.Debug - 4.5|Any CPU.Build.0 = Debug|Any CPU
		{942F9D96-9CB3-49A1-88AA-D6B872775127}.Debug - 4.5|Mixed Platforms.ActiveCfg = Debug|Any CPU
		{942F9D96-9CB3-49A1-88AA-D6B872775127}.Debug - 4.5|Mixed Platforms.Build.0 = Debug|Any CPU
		{942F9D96-9CB3-49A1-88AA-D6B872775127}.Debug - 4.5|x86.ActiveCfg = Debug|Any CPU
		{942F9D96-9CB3-49A1-88AA-D6B872775127}.Debug - 5.0|Any CPU.ActiveCfg = Debug - 5.0|Any CPU
		{942F9D96-9CB3-49A1-88AA-D6B872775127}.Debug - 5.0|Any CPU.Build.0 = Debug - 5.0|Any CPU
		{942F9D96-9CB3-49A1-88AA-D6B872775127}.Debug - 5.0|Mixed Platforms.ActiveCfg = Debug - 5.0|Any CPU
		{942F9D96-9CB3-49A1-88AA-D6B872775127}.Debug - 5.0|Mixed Platforms.Build.0 = Debug - 5.0|Any CPU
		{942F9D96-9CB3-49A1-88AA-D6B872775127}.Debug - 5.0|x86.ActiveCfg = Debug - 5.0|Any CPU
		{942F9D96-9CB3-49A1-88AA-D6B872775127}.Release - 4.5|Any CPU.ActiveCfg = Release|Any CPU
		{942F9D96-9CB3-49A1-88AA-D6B872775127}.Release - 4.5|Any CPU.Build.0 = Release|Any CPU
		{942F9D96-9CB3-49A1-88AA-D6B872775127}.Release - 4.5|Mixed Platforms.ActiveCfg = Release|Any CPU
		{942F9D96-9CB3-49A1-88AA-D6B872775127}.Release - 4.5|Mixed Platforms.Build.0 = Release|Any CPU
		{942F9D96-9CB3-49A1-88AA-D6B872775127}.Release - 4.5|x86.ActiveCfg = Release|Any CPU
		{942F9D96-9CB3-49A1-88AA-D6B872775127}.Release - 5.0|Any CPU.ActiveCfg = Release - 5.0|Any CPU
		{942F9D96-9CB3-49A1-88AA-D6B872775127}.Release - 5.0|Any CPU.Build.0 = Release - 5.0|Any CPU
		{942F9D96-9CB3-49A1-88AA-D6B872775127}.Release - 5.0|Mixed Platforms.ActiveCfg = Release - 5.0|Any CPU
		{942F9D96-9CB3-49A1-88AA-D6B872775127}.Release - 5.0|Mixed Platforms.Build.0 = Release - 5.0|Any CPU
		{942F9D96-9CB3-49A1-88AA-D6B872775127}.Release - 5.0|x86.ActiveCfg = Release - 5.0|Any CPU
		{6B92BAC2-FA12-4E79-AEDB-9FAD993324A8}.Debug - 4.5|Any CPU.ActiveCfg = Debug|Any CPU
		{6B92BAC2-FA12-4E79-AEDB-9FAD993324A8}.Debug - 4.5|Any CPU.Build.0 = Debug|Any CPU
		{6B92BAC2-FA12-4E79-AEDB-9FAD993324A8}.Debug - 4.5|Mixed Platforms.ActiveCfg = Debug|Any CPU
		{6B92BAC2-FA12-4E79-AEDB-9FAD993324A8}.Debug - 4.5|Mixed Platforms.Build.0 = Debug|Any CPU
		{6B92BAC2-FA12-4E79-AEDB-9FAD993324A8}.Debug - 4.5|x86.ActiveCfg = Debug|Any CPU
		{6B92BAC2-FA12-4E79-AEDB-9FAD993324A8}.Debug - 5.0|Any CPU.ActiveCfg = Debug - 5.0|Any CPU
		{6B92BAC2-FA12-4E79-AEDB-9FAD993324A8}.Debug - 5.0|Any CPU.Build.0 = Debug - 5.0|Any CPU
		{6B92BAC2-FA12-4E79-AEDB-9FAD993324A8}.Debug - 5.0|Mixed Platforms.ActiveCfg = Debug - 5.0|Any CPU
		{6B92BAC2-FA12-4E79-AEDB-9FAD993324A8}.Debug - 5.0|Mixed Platforms.Build.0 = Debug - 5.0|Any CPU
		{6B92BAC2-FA12-4E79-AEDB-9FAD993324A8}.Debug - 5.0|x86.ActiveCfg = Debug - 5.0|Any CPU
		{6B92BAC2-FA12-4E79-AEDB-9FAD993324A8}.Release - 4.5|Any CPU.ActiveCfg = Release|Any CPU
		{6B92BAC2-FA12-4E79-AEDB-9FAD993324A8}.Release - 4.5|Any CPU.Build.0 = Release|Any CPU
		{6B92BAC2-FA12-4E79-AEDB-9FAD993324A8}.Release - 4.5|Mixed Platforms.ActiveCfg = Release|Any CPU
		{6B92BAC2-FA12-4E79-AEDB-9FAD993324A8}.Release - 4.5|Mixed Platforms.Build.0 = Release|Any CPU
		{6B92BAC2-FA12-4E79-AEDB-9FAD993324A8}.Release - 4.5|x86.ActiveCfg = Release|Any CPU
		{6B92BAC2-FA12-4E79-AEDB-9FAD993324A8}.Release - 5.0|Any CPU.ActiveCfg = Release - 5.0|Any CPU
		{6B92BAC2-FA12-4E79-AEDB-9FAD993324A8}.Release - 5.0|Any CPU.Build.0 = Release - 5.0|Any CPU
		{6B92BAC2-FA12-4E79-AEDB-9FAD993324A8}.Release - 5.0|Mixed Platforms.ActiveCfg = Release - 5.0|Any CPU
		{6B92BAC2-FA12-4E79-AEDB-9FAD993324A8}.Release - 5.0|Mixed Platforms.Build.0 = Release - 5.0|Any CPU
		{6B92BAC2-FA12-4E79-AEDB-9FAD993324A8}.Release - 5.0|x86.ActiveCfg = Release - 5.0|Any CPU
		{3D2A3872-E888-4571-895B-FF702F8E3FE3}.Debug - 4.5|Any CPU.ActiveCfg = Debug|x86
		{3D2A3872-E888-4571-895B-FF702F8E3FE3}.Debug - 4.5|Any CPU.Build.0 = Debug|x86
		{3D2A3872-E888-4571-895B-FF702F8E3FE3}.Debug - 4.5|Mixed Platforms.ActiveCfg = Debug|x86
		{3D2A3872-E888-4571-895B-FF702F8E3FE3}.Debug - 4.5|Mixed Platforms.Build.0 = Debug|x86
		{3D2A3872-E888-4571-895B-FF702F8E3FE3}.Debug - 4.5|x86.ActiveCfg = Debug|x86
		{3D2A3872-E888-4571-895B-FF702F8E3FE3}.Debug - 4.5|x86.Build.0 = Debug|x86
		{3D2A3872-E888-4571-895B-FF702F8E3FE3}.Debug - 5.0|Any CPU.ActiveCfg = Debug - 5.0|x86
		{3D2A3872-E888-4571-895B-FF702F8E3FE3}.Debug - 5.0|Any CPU.Build.0 = Debug - 5.0|x86
		{3D2A3872-E888-4571-895B-FF702F8E3FE3}.Debug - 5.0|Mixed Platforms.ActiveCfg = Debug - 5.0|x86
		{3D2A3872-E888-4571-895B-FF702F8E3FE3}.Debug - 5.0|Mixed Platforms.Build.0 = Debug - 5.0|x86
		{3D2A3872-E888-4571-895B-FF702F8E3FE3}.Debug - 5.0|x86.ActiveCfg = Debug - 5.0|x86
		{3D2A3872-E888-4571-895B-FF702F8E3FE3}.Debug - 5.0|x86.Build.0 = Debug - 5.0|x86
		{3D2A3872-E888-4571-895B-FF702F8E3FE3}.Release - 4.5|Any CPU.ActiveCfg = Release|x86
		{3D2A3872-E888-4571-895B-FF702F8E3FE3}.Release - 4.5|Any CPU.Build.0 = Release|x86
		{3D2A3872-E888-4571-895B-FF702F8E3FE3}.Release - 4.5|Mixed Platforms.ActiveCfg = Release|x86
		{3D2A3872-E888-4571-895B-FF702F8E3FE3}.Release - 4.5|Mixed Platforms.Build.0 = Release|x86
		{3D2A3872-E888-4571-895B-FF702F8E3FE3}.Release - 4.5|x86.ActiveCfg = Release|x86
		{3D2A3872-E888-4571-895B-FF702F8E3FE3}.Release - 4.5|x86.Build.0 = Release|x86
		{3D2A3872-E888-4571-895B-FF702F8E3FE3}.Release - 5.0|Any CPU.ActiveCfg = Release - 5.0|x86
		{3D2A3872-E888-4571-895B-FF702F8E3FE3}.Release - 5.0|Any CPU.Build.0 = Release - 5.0|x86
		{3D2A3872-E888-4571-895B-FF702F8E3FE3}.Release - 5.0|Mixed Platforms.ActiveCfg = Release - 5.0|x86
		{3D2A3872-E888-4571-895B-FF702F8E3FE3}.Release - 5.0|Mixed Platforms.Build.0 = Release - 5.0|x86
		{3D2A3872-E888-4571-895B-FF702F8E3FE3}.Release - 5.0|x86.ActiveCfg = Release - 5.0|x86
		{3D2A3872-E888-4571-895B-FF702F8E3FE3}.Release - 5.0|x86.Build.0 = Release - 5.0|x86
		{2468BE03-D09B-4D5C-ABBE-FA40C2E4750A}.Debug - 4.5|Any CPU.ActiveCfg = Debug|Any CPU
		{2468BE03-D09B-4D5C-ABBE-FA40C2E4750A}.Debug - 4.5|Any CPU.Build.0 = Debug|Any CPU
		{2468BE03-D09B-4D5C-ABBE-FA40C2E4750A}.Debug - 4.5|Mixed Platforms.ActiveCfg = Debug|Any CPU
		{2468BE03-D09B-4D5C-ABBE-FA40C2E4750A}.Debug - 4.5|Mixed Platforms.Build.0 = Debug|Any CPU
		{2468BE03-D09B-4D5C-ABBE-FA40C2E4750A}.Debug - 4.5|x86.ActiveCfg = Debug|Any CPU
		{2468BE03-D09B-4D5C-ABBE-FA40C2E4750A}.Debug - 5.0|Any CPU.ActiveCfg = Debug - 5.0|Any CPU
		{2468BE03-D09B-4D5C-ABBE-FA40C2E4750A}.Debug - 5.0|Any CPU.Build.0 = Debug - 5.0|Any CPU
		{2468BE03-D09B-4D5C-ABBE-FA40C2E4750A}.Debug - 5.0|Mixed Platforms.ActiveCfg = Debug - 5.0|Any CPU
		{2468BE03-D09B-4D5C-ABBE-FA40C2E4750A}.Debug - 5.0|Mixed Platforms.Build.0 = Debug - 5.0|Any CPU
		{2468BE03-D09B-4D5C-ABBE-FA40C2E4750A}.Debug - 5.0|x86.ActiveCfg = Debug - 5.0|Any CPU
		{2468BE03-D09B-4D5C-ABBE-FA40C2E4750A}.Release - 4.5|Any CPU.ActiveCfg = Release|Any CPU
		{2468BE03-D09B-4D5C-ABBE-FA40C2E4750A}.Release - 4.5|Any CPU.Build.0 = Release|Any CPU
		{2468BE03-D09B-4D5C-ABBE-FA40C2E4750A}.Release - 4.5|Mixed Platforms.ActiveCfg = Release|Any CPU
		{2468BE03-D09B-4D5C-ABBE-FA40C2E4750A}.Release - 4.5|Mixed Platforms.Build.0 = Release|Any CPU
		{2468BE03-D09B-4D5C-ABBE-FA40C2E4750A}.Release - 4.5|x86.ActiveCfg = Release|Any CPU
		{2468BE03-D09B-4D5C-ABBE-FA40C2E4750A}.Release - 5.0|Any CPU.ActiveCfg = Release - 5.0|Any CPU
		{2468BE03-D09B-4D5C-ABBE-FA40C2E4750A}.Release - 5.0|Any CPU.Build.0 = Release - 5.0|Any CPU
		{2468BE03-D09B-4D5C-ABBE-FA40C2E4750A}.Release - 5.0|Mixed Platforms.ActiveCfg = Release - 5.0|Any CPU
		{2468BE03-D09B-4D5C-ABBE-FA40C2E4750A}.Release - 5.0|Mixed Platforms.Build.0 = Release - 5.0|Any CPU
		{2468BE03-D09B-4D5C-ABBE-FA40C2E4750A}.Release - 5.0|x86.ActiveCfg = Release - 5.0|Any CPU
		{174844B7-78B8-4511-BC8A-AD09F7C016EA}.Debug - 4.5|Any CPU.ActiveCfg = Debug|x86
		{174844B7-78B8-4511-BC8A-AD09F7C016EA}.Debug - 4.5|Any CPU.Build.0 = Debug|x86
		{174844B7-78B8-4511-BC8A-AD09F7C016EA}.Debug - 4.5|Mixed Platforms.ActiveCfg = Debug|x86
		{174844B7-78B8-4511-BC8A-AD09F7C016EA}.Debug - 4.5|Mixed Platforms.Build.0 = Debug|x86
		{174844B7-78B8-4511-BC8A-AD09F7C016EA}.Debug - 4.5|x86.ActiveCfg = Debug|x86
		{174844B7-78B8-4511-BC8A-AD09F7C016EA}.Debug - 4.5|x86.Build.0 = Debug|x86
		{174844B7-78B8-4511-BC8A-AD09F7C016EA}.Debug - 5.0|Any CPU.ActiveCfg = Debug - 5.0|x86
		{174844B7-78B8-4511-BC8A-AD09F7C016EA}.Debug - 5.0|Any CPU.Build.0 = Debug - 5.0|x86
		{174844B7-78B8-4511-BC8A-AD09F7C016EA}.Debug - 5.0|Mixed Platforms.ActiveCfg = Debug - 5.0|x86
		{174844B7-78B8-4511-BC8A-AD09F7C016EA}.Debug - 5.0|Mixed Platforms.Build.0 = Debug - 5.0|x86
		{174844B7-78B8-4511-BC8A-AD09F7C016EA}.Debug - 5.0|x86.ActiveCfg = Debug - 5.0|x86
		{174844B7-78B8-4511-BC8A-AD09F7C016EA}.Debug - 5.0|x86.Build.0 = Debug - 5.0|x86
		{174844B7-78B8-4511-BC8A-AD09F7C016EA}.Release - 4.5|Any CPU.ActiveCfg = Release|x86
		{174844B7-78B8-4511-BC8A-AD09F7C016EA}.Release - 4.5|Any CPU.Build.0 = Release|x86
		{174844B7-78B8-4511-BC8A-AD09F7C016EA}.Release - 4.5|Mixed Platforms.ActiveCfg = Release|x86
		{174844B7-78B8-4511-BC8A-AD09F7C016EA}.Release - 4.5|Mixed Platforms.Build.0 = Release|x86
		{174844B7-78B8-4511-BC8A-AD09F7C016EA}.Release - 4.5|x86.ActiveCfg = Release|x86
		{174844B7-78B8-4511-BC8A-AD09F7C016EA}.Release - 4.5|x86.Build.0 = Release|x86
		{174844B7-78B8-4511-BC8A-AD09F7C016EA}.Release - 5.0|Any CPU.ActiveCfg = Release - 5.0|x86
		{174844B7-78B8-4511-BC8A-AD09F7C016EA}.Release - 5.0|Any CPU.Build.0 = Release - 5.0|x86
		{174844B7-78B8-4511-BC8A-AD09F7C016EA}.Release - 5.0|Mixed Platforms.ActiveCfg = Release - 5.0|x86
		{174844B7-78B8-4511-BC8A-AD09F7C016EA}.Release - 5.0|Mixed Platforms.Build.0 = Release - 5.0|x86
		{174844B7-78B8-4511-BC8A-AD09F7C016EA}.Release - 5.0|x86.ActiveCfg = Release - 5.0|x86
		{174844B7-78B8-4511-BC8A-AD09F7C016EA}.Release - 5.0|x86.Build.0 = Release - 5.0|x86
		{952ACF10-6BF8-41F0-AAE3-9E8B8F8C36E9}.Debug - 4.5|Any CPU.ActiveCfg = Debug|Any CPU
		{952ACF10-6BF8-41F0-AAE3-9E8B8F8C36E9}.Debug - 4.5|Any CPU.Build.0 = Debug|Any CPU
		{952ACF10-6BF8-41F0-AAE3-9E8B8F8C36E9}.Debug - 4.5|Mixed Platforms.ActiveCfg = Debug|Any CPU
		{952ACF10-6BF8-41F0-AAE3-9E8B8F8C36E9}.Debug - 4.5|Mixed Platforms.Build.0 = Debug|Any CPU
		{952ACF10-6BF8-41F0-AAE3-9E8B8F8C36E9}.Debug - 4.5|x86.ActiveCfg = Debug|Any CPU
		{952ACF10-6BF8-41F0-AAE3-9E8B8F8C36E9}.Debug - 5.0|Any CPU.ActiveCfg = Debug - 5.0|Any CPU
		{952ACF10-6BF8-41F0-AAE3-9E8B8F8C36E9}.Debug - 5.0|Any CPU.Build.0 = Debug - 5.0|Any CPU
		{952ACF10-6BF8-41F0-AAE3-9E8B8F8C36E9}.Debug - 5.0|Mixed Platforms.ActiveCfg = Debug - 5.0|Any CPU
		{952ACF10-6BF8-41F0-AAE3-9E8B8F8C36E9}.Debug - 5.0|Mixed Platforms.Build.0 = Debug - 5.0|Any CPU
		{952ACF10-6BF8-41F0-AAE3-9E8B8F8C36E9}.Debug - 5.0|x86.ActiveCfg = Debug - 5.0|Any CPU
		{952ACF10-6BF8-41F0-AAE3-9E8B8F8C36E9}.Release - 4.5|Any CPU.ActiveCfg = Release|Any CPU
		{952ACF10-6BF8-41F0-AAE3-9E8B8F8C36E9}.Release - 4.5|Any CPU.Build.0 = Release|Any CPU
		{952ACF10-6BF8-41F0-AAE3-9E8B8F8C36E9}.Release - 4.5|Mixed Platforms.ActiveCfg = Release|Any CPU
		{952ACF10-6BF8-41F0-AAE3-9E8B8F8C36E9}.Release - 4.5|Mixed Platforms.Build.0 = Release|Any CPU
		{952ACF10-6BF8-41F0-AAE3-9E8B8F8C36E9}.Release - 4.5|x86.ActiveCfg = Release|Any CPU
		{952ACF10-6BF8-41F0-AAE3-9E8B8F8C36E9}.Release - 5.0|Any CPU.ActiveCfg = Release - 5.0|Any CPU
		{952ACF10-6BF8-41F0-AAE3-9E8B8F8C36E9}.Release - 5.0|Any CPU.Build.0 = Release - 5.0|Any CPU
		{952ACF10-6BF8-41F0-AAE3-9E8B8F8C36E9}.Release - 5.0|Mixed Platforms.ActiveCfg = Release - 5.0|Any CPU
		{952ACF10-6BF8-41F0-AAE3-9E8B8F8C36E9}.Release - 5.0|Mixed Platforms.Build.0 = Release - 5.0|Any CPU
		{952ACF10-6BF8-41F0-AAE3-9E8B8F8C36E9}.Release - 5.0|x86.ActiveCfg = Release - 5.0|Any CPU
		{A0C1578D-0F53-44E9-8DEB-E3289487D967}.Debug - 4.5|Any CPU.ActiveCfg = Debug|x86
		{A0C1578D-0F53-44E9-8DEB-E3289487D967}.Debug - 4.5|Any CPU.Build.0 = Debug|x86
		{A0C1578D-0F53-44E9-8DEB-E3289487D967}.Debug - 4.5|Mixed Platforms.ActiveCfg = Debug|x86
		{A0C1578D-0F53-44E9-8DEB-E3289487D967}.Debug - 4.5|Mixed Platforms.Build.0 = Debug|x86
		{A0C1578D-0F53-44E9-8DEB-E3289487D967}.Debug - 4.5|x86.ActiveCfg = Debug|x86
		{A0C1578D-0F53-44E9-8DEB-E3289487D967}.Debug - 4.5|x86.Build.0 = Debug|x86
		{A0C1578D-0F53-44E9-8DEB-E3289487D967}.Debug - 5.0|Any CPU.ActiveCfg = Debug - 5.0|x86
		{A0C1578D-0F53-44E9-8DEB-E3289487D967}.Debug - 5.0|Any CPU.Build.0 = Debug - 5.0|x86
		{A0C1578D-0F53-44E9-8DEB-E3289487D967}.Debug - 5.0|Mixed Platforms.ActiveCfg = Debug - 5.0|x86
		{A0C1578D-0F53-44E9-8DEB-E3289487D967}.Debug - 5.0|Mixed Platforms.Build.0 = Debug - 5.0|x86
		{A0C1578D-0F53-44E9-8DEB-E3289487D967}.Debug - 5.0|x86.ActiveCfg = Debug - 5.0|x86
		{A0C1578D-0F53-44E9-8DEB-E3289487D967}.Debug - 5.0|x86.Build.0 = Debug - 5.0|x86
		{A0C1578D-0F53-44E9-8DEB-E3289487D967}.Release - 4.5|Any CPU.ActiveCfg = Release|x86
		{A0C1578D-0F53-44E9-8DEB-E3289487D967}.Release - 4.5|Any CPU.Build.0 = Release|x86
		{A0C1578D-0F53-44E9-8DEB-E3289487D967}.Release - 4.5|Mixed Platforms.ActiveCfg = Release|x86
		{A0C1578D-0F53-44E9-8DEB-E3289487D967}.Release - 4.5|Mixed Platforms.Build.0 = Release|x86
		{A0C1578D-0F53-44E9-8DEB-E3289487D967}.Release - 4.5|x86.ActiveCfg = Release|x86
		{A0C1578D-0F53-44E9-8DEB-E3289487D967}.Release - 4.5|x86.Build.0 = Release|x86
		{A0C1578D-0F53-44E9-8DEB-E3289487D967}.Release - 5.0|Any CPU.ActiveCfg = Release - 5.0|x86
		{A0C1578D-0F53-44E9-8DEB-E3289487D967}.Release - 5.0|Any CPU.Build.0 = Release - 5.0|x86
		{A0C1578D-0F53-44E9-8DEB-E3289487D967}.Release - 5.0|Mixed Platforms.ActiveCfg = Release - 5.0|x86
		{A0C1578D-0F53-44E9-8DEB-E3289487D967}.Release - 5.0|Mixed Platforms.Build.0 = Release - 5.0|x86
		{A0C1578D-0F53-44E9-8DEB-E3289487D967}.Release - 5.0|x86.ActiveCfg = Release - 5.0|x86
		{A0C1578D-0F53-44E9-8DEB-E3289487D967}.Release - 5.0|x86.Build.0 = Release - 5.0|x86
		{318B316A-9354-4200-8E33-5F8505BF8F89}.Debug - 4.5|Any CPU.ActiveCfg = Debug|Any CPU
		{318B316A-9354-4200-8E33-5F8505BF8F89}.Debug - 4.5|Any CPU.Build.0 = Debug|Any CPU
		{318B316A-9354-4200-8E33-5F8505BF8F89}.Debug - 4.5|Mixed Platforms.ActiveCfg = Debug|Any CPU
		{318B316A-9354-4200-8E33-5F8505BF8F89}.Debug - 4.5|Mixed Platforms.Build.0 = Debug|Any CPU
		{318B316A-9354-4200-8E33-5F8505BF8F89}.Debug - 4.5|x86.ActiveCfg = Debug|Any CPU
		{318B316A-9354-4200-8E33-5F8505BF8F89}.Debug - 5.0|Any CPU.ActiveCfg = Debug - 5.0|Any CPU
		{318B316A-9354-4200-8E33-5F8505BF8F89}.Debug - 5.0|Any CPU.Build.0 = Debug - 5.0|Any CPU
		{318B316A-9354-4200-8E33-5F8505BF8F89}.Debug - 5.0|Mixed Platforms.ActiveCfg = Debug - 5.0|Any CPU
		{318B316A-9354-4200-8E33-5F8505BF8F89}.Debug - 5.0|Mixed Platforms.Build.0 = Debug - 5.0|Any CPU
		{318B316A-9354-4200-8E33-5F8505BF8F89}.Debug - 5.0|x86.ActiveCfg = Debug - 5.0|Any CPU
		{318B316A-9354-4200-8E33-5F8505BF8F89}.Release - 4.5|Any CPU.ActiveCfg = Release|Any CPU
		{318B316A-9354-4200-8E33-5F8505BF8F89}.Release - 4.5|Any CPU.Build.0 = Release|Any CPU
		{318B316A-9354-4200-8E33-5F8505BF8F89}.Release - 4.5|Mixed Platforms.ActiveCfg = Release|Any CPU
		{318B316A-9354-4200-8E33-5F8505BF8F89}.Release - 4.5|Mixed Platforms.Build.0 = Release|Any CPU
		{318B316A-9354-4200-8E33-5F8505BF8F89}.Release - 4.5|x86.ActiveCfg = Release|Any CPU
		{318B316A-9354-4200-8E33-5F8505BF8F89}.Release - 5.0|Any CPU.ActiveCfg = Release - 5.0|Any CPU
		{318B316A-9354-4200-8E33-5F8505BF8F89}.Release - 5.0|Any CPU.Build.0 = Release - 5.0|Any CPU
		{318B316A-9354-4200-8E33-5F8505BF8F89}.Release - 5.0|Mixed Platforms.ActiveCfg = Release - 5.0|Any CPU
		{318B316A-9354-4200-8E33-5F8505BF8F89}.Release - 5.0|Mixed Platforms.Build.0 = Release - 5.0|Any CPU
		{318B316A-9354-4200-8E33-5F8505BF8F89}.Release - 5.0|x86.ActiveCfg = Release - 5.0|Any CPU
		{726A584A-4780-4D5C-A055-E4C9CC03D761}.Debug - 4.5|Any CPU.ActiveCfg = Debug|Any CPU
		{726A584A-4780-4D5C-A055-E4C9CC03D761}.Debug - 4.5|Any CPU.Build.0 = Debug|Any CPU
		{726A584A-4780-4D5C-A055-E4C9CC03D761}.Debug - 4.5|Mixed Platforms.ActiveCfg = Debug|Any CPU
		{726A584A-4780-4D5C-A055-E4C9CC03D761}.Debug - 4.5|Mixed Platforms.Build.0 = Debug|Any CPU
		{726A584A-4780-4D5C-A055-E4C9CC03D761}.Debug - 4.5|x86.ActiveCfg = Debug|Any CPU
		{726A584A-4780-4D5C-A055-E4C9CC03D761}.Debug - 5.0|Any CPU.ActiveCfg = Debug - 5.0|Any CPU
		{726A584A-4780-4D5C-A055-E4C9CC03D761}.Debug - 5.0|Any CPU.Build.0 = Debug - 5.0|Any CPU
		{726A584A-4780-4D5C-A055-E4C9CC03D761}.Debug - 5.0|Mixed Platforms.ActiveCfg = Debug - 5.0|Any CPU
		{726A584A-4780-4D5C-A055-E4C9CC03D761}.Debug - 5.0|Mixed Platforms.Build.0 = Debug - 5.0|Any CPU
		{726A584A-4780-4D5C-A055-E4C9CC03D761}.Debug - 5.0|x86.ActiveCfg = Debug - 5.0|Any CPU
		{726A584A-4780-4D5C-A055-E4C9CC03D761}.Release - 4.5|Any CPU.ActiveCfg = Release|Any CPU
		{726A584A-4780-4D5C-A055-E4C9CC03D761}.Release - 4.5|Any CPU.Build.0 = Release|Any CPU
		{726A584A-4780-4D5C-A055-E4C9CC03D761}.Release - 4.5|Mixed Platforms.ActiveCfg = Release|Any CPU
		{726A584A-4780-4D5C-A055-E4C9CC03D761}.Release - 4.5|Mixed Platforms.Build.0 = Release|Any CPU
		{726A584A-4780-4D5C-A055-E4C9CC03D761}.Release - 4.5|x86.ActiveCfg = Release|Any CPU
		{726A584A-4780-4D5C-A055-E4C9CC03D761}.Release - 5.0|Any CPU.ActiveCfg = Release - 5.0|Any CPU
		{726A584A-4780-4D5C-A055-E4C9CC03D761}.Release - 5.0|Any CPU.Build.0 = Release - 5.0|Any CPU
		{726A584A-4780-4D5C-A055-E4C9CC03D761}.Release - 5.0|Mixed Platforms.ActiveCfg = Release - 5.0|Any CPU
		{726A584A-4780-4D5C-A055-E4C9CC03D761}.Release - 5.0|Mixed Platforms.Build.0 = Release - 5.0|Any CPU
		{726A584A-4780-4D5C-A055-E4C9CC03D761}.Release - 5.0|x86.ActiveCfg = Release - 5.0|Any CPU
		{55F7447F-F979-427E-A6AB-767CF925726E}.Debug - 4.5|Any CPU.ActiveCfg = Debug|x86
		{55F7447F-F979-427E-A6AB-767CF925726E}.Debug - 4.5|Any CPU.Build.0 = Debug|x86
		{55F7447F-F979-427E-A6AB-767CF925726E}.Debug - 4.5|Mixed Platforms.ActiveCfg = Debug|x86
		{55F7447F-F979-427E-A6AB-767CF925726E}.Debug - 4.5|Mixed Platforms.Build.0 = Debug|x86
		{55F7447F-F979-427E-A6AB-767CF925726E}.Debug - 4.5|x86.ActiveCfg = Debug|x86
		{55F7447F-F979-427E-A6AB-767CF925726E}.Debug - 4.5|x86.Build.0 = Debug|x86
		{55F7447F-F979-427E-A6AB-767CF925726E}.Debug - 5.0|Any CPU.ActiveCfg = Debug - 5.0|x86
		{55F7447F-F979-427E-A6AB-767CF925726E}.Debug - 5.0|Any CPU.Build.0 = Debug - 5.0|x86
		{55F7447F-F979-427E-A6AB-767CF925726E}.Debug - 5.0|Mixed Platforms.ActiveCfg = Debug - 5.0|x86
		{55F7447F-F979-427E-A6AB-767CF925726E}.Debug - 5.0|Mixed Platforms.Build.0 = Debug - 5.0|x86
		{55F7447F-F979-427E-A6AB-767CF925726E}.Debug - 5.0|x86.ActiveCfg = Debug - 5.0|x86
		{55F7447F-F979-427E-A6AB-767CF925726E}.Debug - 5.0|x86.Build.0 = Debug - 5.0|x86
		{55F7447F-F979-427E-A6AB-767CF925726E}.Release - 4.5|Any CPU.ActiveCfg = Release|x86
		{55F7447F-F979-427E-A6AB-767CF925726E}.Release - 4.5|Any CPU.Build.0 = Release|x86
		{55F7447F-F979-427E-A6AB-767CF925726E}.Release - 4.5|Mixed Platforms.ActiveCfg = Release|x86
		{55F7447F-F979-427E-A6AB-767CF925726E}.Release - 4.5|Mixed Platforms.Build.0 = Release|x86
		{55F7447F-F979-427E-A6AB-767CF925726E}.Release - 4.5|x86.ActiveCfg = Release|x86
		{55F7447F-F979-427E-A6AB-767CF925726E}.Release - 4.5|x86.Build.0 = Release|x86
		{55F7447F-F979-427E-A6AB-767CF925726E}.Release - 5.0|Any CPU.ActiveCfg = Release - 5.0|x86
		{55F7447F-F979-427E-A6AB-767CF925726E}.Release - 5.0|Any CPU.Build.0 = Release - 5.0|x86
		{55F7447F-F979-427E-A6AB-767CF925726E}.Release - 5.0|Mixed Platforms.ActiveCfg = Release - 5.0|x86
		{55F7447F-F979-427E-A6AB-767CF925726E}.Release - 5.0|Mixed Platforms.Build.0 = Release - 5.0|x86
		{55F7447F-F979-427E-A6AB-767CF925726E}.Release - 5.0|x86.ActiveCfg = Release - 5.0|x86
		{55F7447F-F979-427E-A6AB-767CF925726E}.Release - 5.0|x86.Build.0 = Release - 5.0|x86
		{0FFA71B7-73FE-4308-A2C7-946423FE0ADA}.Debug - 4.5|Any CPU.ActiveCfg = Debug|x86
		{0FFA71B7-73FE-4308-A2C7-946423FE0ADA}.Debug - 4.5|Any CPU.Build.0 = Debug|x86
		{0FFA71B7-73FE-4308-A2C7-946423FE0ADA}.Debug - 4.5|Mixed Platforms.ActiveCfg = Debug|x86
		{0FFA71B7-73FE-4308-A2C7-946423FE0ADA}.Debug - 4.5|Mixed Platforms.Build.0 = Debug|x86
		{0FFA71B7-73FE-4308-A2C7-946423FE0ADA}.Debug - 4.5|x86.ActiveCfg = Debug|x86
		{0FFA71B7-73FE-4308-A2C7-946423FE0ADA}.Debug - 4.5|x86.Build.0 = Debug|x86
		{0FFA71B7-73FE-4308-A2C7-946423FE0ADA}.Debug - 5.0|Any CPU.ActiveCfg = Debug - 5.0|x86
		{0FFA71B7-73FE-4308-A2C7-946423FE0ADA}.Debug - 5.0|Any CPU.Build.0 = Debug - 5.0|x86
		{0FFA71B7-73FE-4308-A2C7-946423FE0ADA}.Debug - 5.0|Mixed Platforms.ActiveCfg = Debug - 5.0|x86
		{0FFA71B7-73FE-4308-A2C7-946423FE0ADA}.Debug - 5.0|Mixed Platforms.Build.0 = Debug - 5.0|x86
		{0FFA71B7-73FE-4308-A2C7-946423FE0ADA}.Debug - 5.0|x86.ActiveCfg = Debug - 5.0|x86
		{0FFA71B7-73FE-4308-A2C7-946423FE0ADA}.Debug - 5.0|x86.Build.0 = Debug - 5.0|x86
		{0FFA71B7-73FE-4308-A2C7-946423FE0ADA}.Release - 4.5|Any CPU.ActiveCfg = Release|x86
		{0FFA71B7-73FE-4308-A2C7-946423FE0ADA}.Release - 4.5|Any CPU.Build.0 = Release|x86
		{0FFA71B7-73FE-4308-A2C7-946423FE0ADA}.Release - 4.5|Mixed Platforms.ActiveCfg = Release|x86
		{0FFA71B7-73FE-4308-A2C7-946423FE0ADA}.Release - 4.5|Mixed Platforms.Build.0 = Release|x86
		{0FFA71B7-73FE-4308-A2C7-946423FE0ADA}.Release - 4.5|x86.ActiveCfg = Release|x86
		{0FFA71B7-73FE-4308-A2C7-946423FE0ADA}.Release - 4.5|x86.Build.0 = Release|x86
		{0FFA71B7-73FE-4308-A2C7-946423FE0ADA}.Release - 5.0|Any CPU.ActiveCfg = Release - 5.0|x86
		{0FFA71B7-73FE-4308-A2C7-946423FE0ADA}.Release - 5.0|Any CPU.Build.0 = Release - 5.0|x86
		{0FFA71B7-73FE-4308-A2C7-946423FE0ADA}.Release - 5.0|Mixed Platforms.ActiveCfg = Release - 5.0|x86
		{0FFA71B7-73FE-4308-A2C7-946423FE0ADA}.Release - 5.0|Mixed Platforms.Build.0 = Release - 5.0|x86
		{0FFA71B7-73FE-4308-A2C7-946423FE0ADA}.Release - 5.0|x86.ActiveCfg = Release - 5.0|x86
		{0FFA71B7-73FE-4308-A2C7-946423FE0ADA}.Release - 5.0|x86.Build.0 = Release - 5.0|x86
		{DB570394-9F15-460A-99CE-6D352302E589}.Debug - 4.5|Any CPU.ActiveCfg = Debug|x86
		{DB570394-9F15-460A-99CE-6D352302E589}.Debug - 4.5|Any CPU.Build.0 = Debug|x86
		{DB570394-9F15-460A-99CE-6D352302E589}.Debug - 4.5|Mixed Platforms.ActiveCfg = Debug|x86
		{DB570394-9F15-460A-99CE-6D352302E589}.Debug - 4.5|Mixed Platforms.Build.0 = Debug|x86
		{DB570394-9F15-460A-99CE-6D352302E589}.Debug - 4.5|x86.ActiveCfg = Debug|x86
		{DB570394-9F15-460A-99CE-6D352302E589}.Debug - 4.5|x86.Build.0 = Debug|x86
		{DB570394-9F15-460A-99CE-6D352302E589}.Debug - 5.0|Any CPU.ActiveCfg = Debug - 5.0|x86
		{DB570394-9F15-460A-99CE-6D352302E589}.Debug - 5.0|Any CPU.Build.0 = Debug - 5.0|x86
		{DB570394-9F15-460A-99CE-6D352302E589}.Debug - 5.0|Mixed Platforms.ActiveCfg = Debug - 5.0|x86
		{DB570394-9F15-460A-99CE-6D352302E589}.Debug - 5.0|Mixed Platforms.Build.0 = Debug - 5.0|x86
		{DB570394-9F15-460A-99CE-6D352302E589}.Debug - 5.0|x86.ActiveCfg = Debug - 5.0|x86
		{DB570394-9F15-460A-99CE-6D352302E589}.Debug - 5.0|x86.Build.0 = Debug - 5.0|x86
		{DB570394-9F15-460A-99CE-6D352302E589}.Release - 4.5|Any CPU.ActiveCfg = Release|x86
		{DB570394-9F15-460A-99CE-6D352302E589}.Release - 4.5|Any CPU.Build.0 = Release|x86
		{DB570394-9F15-460A-99CE-6D352302E589}.Release - 4.5|Mixed Platforms.ActiveCfg = Release|x86
		{DB570394-9F15-460A-99CE-6D352302E589}.Release - 4.5|Mixed Platforms.Build.0 = Release|x86
		{DB570394-9F15-460A-99CE-6D352302E589}.Release - 4.5|x86.ActiveCfg = Release|x86
		{DB570394-9F15-460A-99CE-6D352302E589}.Release - 4.5|x86.Build.0 = Release|x86
		{DB570394-9F15-460A-99CE-6D352302E589}.Release - 5.0|Any CPU.ActiveCfg = Release - 5.0|x86
		{DB570394-9F15-460A-99CE-6D352302E589}.Release - 5.0|Any CPU.Build.0 = Release - 5.0|x86
		{DB570394-9F15-460A-99CE-6D352302E589}.Release - 5.0|Mixed Platforms.ActiveCfg = Release - 5.0|x86
		{DB570394-9F15-460A-99CE-6D352302E589}.Release - 5.0|Mixed Platforms.Build.0 = Release - 5.0|x86
		{DB570394-9F15-460A-99CE-6D352302E589}.Release - 5.0|x86.ActiveCfg = Release - 5.0|x86
		{DB570394-9F15-460A-99CE-6D352302E589}.Release - 5.0|x86.Build.0 = Release - 5.0|x86
		{033D0DCF-8251-4654-BAA2-AEB4F5A6F18D}.Debug - 4.5|Any CPU.ActiveCfg = Debug
		{033D0DCF-8251-4654-BAA2-AEB4F5A6F18D}.Debug - 4.5|Any CPU.Build.0 = Debug
		{033D0DCF-8251-4654-BAA2-AEB4F5A6F18D}.Debug - 4.5|Mixed Platforms.ActiveCfg = Debug
		{033D0DCF-8251-4654-BAA2-AEB4F5A6F18D}.Debug - 4.5|x86.ActiveCfg = Debug
		{033D0DCF-8251-4654-BAA2-AEB4F5A6F18D}.Debug - 4.5|x86.Build.0 = Debug
		{033D0DCF-8251-4654-BAA2-AEB4F5A6F18D}.Debug - 5.0|Any CPU.ActiveCfg = Debug - 5.0
		{033D0DCF-8251-4654-BAA2-AEB4F5A6F18D}.Debug - 5.0|Any CPU.Build.0 = Debug - 5.0
		{033D0DCF-8251-4654-BAA2-AEB4F5A6F18D}.Debug - 5.0|Mixed Platforms.ActiveCfg = Debug - 5.0
		{033D0DCF-8251-4654-BAA2-AEB4F5A6F18D}.Debug - 5.0|x86.ActiveCfg = Debug - 5.0
		{033D0DCF-8251-4654-BAA2-AEB4F5A6F18D}.Debug - 5.0|x86.Build.0 = Debug - 5.0
		{033D0DCF-8251-4654-BAA2-AEB4F5A6F18D}.Release - 4.5|Any CPU.ActiveCfg = Release
		{033D0DCF-8251-4654-BAA2-AEB4F5A6F18D}.Release - 4.5|Any CPU.Build.0 = Release
		{033D0DCF-8251-4654-BAA2-AEB4F5A6F18D}.Release - 4.5|Mixed Platforms.ActiveCfg = Release
		{033D0DCF-8251-4654-BAA2-AEB4F5A6F18D}.Release - 4.5|Mixed Platforms.Build.0 = Release
		{033D0DCF-8251-4654-BAA2-AEB4F5A6F18D}.Release - 4.5|x86.ActiveCfg = Release
		{033D0DCF-8251-4654-BAA2-AEB4F5A6F18D}.Release - 4.5|x86.Build.0 = Release
		{033D0DCF-8251-4654-BAA2-AEB4F5A6F18D}.Release - 5.0|Any CPU.ActiveCfg = Release - 5.0
		{033D0DCF-8251-4654-BAA2-AEB4F5A6F18D}.Release - 5.0|Any CPU.Build.0 = Release - 5.0
		{033D0DCF-8251-4654-BAA2-AEB4F5A6F18D}.Release - 5.0|Mixed Platforms.ActiveCfg = Release - 5.0
		{033D0DCF-8251-4654-BAA2-AEB4F5A6F18D}.Release - 5.0|Mixed Platforms.Build.0 = Release - 5.0
		{033D0DCF-8251-4654-BAA2-AEB4F5A6F18D}.Release - 5.0|x86.ActiveCfg = Release - 5.0
		{033D0DCF-8251-4654-BAA2-AEB4F5A6F18D}.Release - 5.0|x86.Build.0 = Release - 5.0
		{B3564CE5-FCA1-404F-A2E7-F54DB4D52D5C}.Debug - 4.5|Any CPU.ActiveCfg = Debug
		{B3564CE5-FCA1-404F-A2E7-F54DB4D52D5C}.Debug - 4.5|Mixed Platforms.ActiveCfg = Debug
		{B3564CE5-FCA1-404F-A2E7-F54DB4D52D5C}.Debug - 4.5|x86.ActiveCfg = Debug
		{B3564CE5-FCA1-404F-A2E7-F54DB4D52D5C}.Debug - 4.5|x86.Build.0 = Debug
		{B3564CE5-FCA1-404F-A2E7-F54DB4D52D5C}.Debug - 5.0|Any CPU.ActiveCfg = Debug - 5.0
		{B3564CE5-FCA1-404F-A2E7-F54DB4D52D5C}.Debug - 5.0|Mixed Platforms.ActiveCfg = Debug - 5.0
		{B3564CE5-FCA1-404F-A2E7-F54DB4D52D5C}.Debug - 5.0|x86.ActiveCfg = Debug - 5.0
		{B3564CE5-FCA1-404F-A2E7-F54DB4D52D5C}.Debug - 5.0|x86.Build.0 = Debug - 5.0
		{B3564CE5-FCA1-404F-A2E7-F54DB4D52D5C}.Release - 4.5|Any CPU.ActiveCfg = Release
		{B3564CE5-FCA1-404F-A2E7-F54DB4D52D5C}.Release - 4.5|Mixed Platforms.ActiveCfg = Release
		{B3564CE5-FCA1-404F-A2E7-F54DB4D52D5C}.Release - 4.5|Mixed Platforms.Build.0 = Release
		{B3564CE5-FCA1-404F-A2E7-F54DB4D52D5C}.Release - 4.5|x86.ActiveCfg = Release
		{B3564CE5-FCA1-404F-A2E7-F54DB4D52D5C}.Release - 4.5|x86.Build.0 = Release
		{B3564CE5-FCA1-404F-A2E7-F54DB4D52D5C}.Release - 5.0|Any CPU.ActiveCfg = Release - 5.0
		{B3564CE5-FCA1-404F-A2E7-F54DB4D52D5C}.Release - 5.0|Mixed Platforms.ActiveCfg = Release - 5.0
		{B3564CE5-FCA1-404F-A2E7-F54DB4D52D5C}.Release - 5.0|Mixed Platforms.Build.0 = Release - 5.0
		{B3564CE5-FCA1-404F-A2E7-F54DB4D52D5C}.Release - 5.0|x86.ActiveCfg = Release - 5.0
		{B3564CE5-FCA1-404F-A2E7-F54DB4D52D5C}.Release - 5.0|x86.Build.0 = Release - 5.0
	EndGlobalSection
	GlobalSection(SolutionProperties) = preSolution
		HideSolutionNode = FALSE
	EndGlobalSection
EndGlobal
